
Microsoft Visual Studio Solution File, Format Version 12.00
# Visual Studio Version 17
VisualStudioVersion = 17.4.33403.182
MinimumVisualStudioVersion = 10.0.40219.1
Project("{FAE04EC0-301F-11D3-BF4B-00C04F79EFBC}") = "CompanyManagement", "CompanyManagement\CompanyManagement.csproj", "{75A735E4-BF04-433F-8313-551F7B9EB194}"
EndProject
Project("{FAE04EC0-301F-11D3-BF4B-00C04F79EFBC}") = "CompanyManagementTest", "CompanyManagementTest\CompanyManagementTest.csproj", "{07570CB6-F510-4B9A-A6C2-4200270FC3BB}"
EndProject
Project("{FAE04EC0-301F-11D3-BF4B-00C04F79EFBC}") = "CompanyManagement.Entity", "CompanyManagement.Entity\CompanyManagement.Entity.csproj", "{C2F20BDF-3EA7-4EC6-8B01-29AEB79B5257}"
EndProject
Project("{FAE04EC0-301F-11D3-BF4B-00C04F79EFBC}") = "CompanyManagementEntityTest", "CompanyManagementEntityTest\CompanyManagementEntityTest.csproj", "{05F059BB-49F5-4CB7-A3DC-804ECC186F5D}"
EndProject
Global
	GlobalSection(SolutionConfigurationPlatforms) = preSolution
		Debug|Any CPU = Debug|Any CPU
		Release|Any CPU = Release|Any CPU
	EndGlobalSection
	GlobalSection(ProjectConfigurationPlatforms) = postSolution
		{75A735E4-BF04-433F-8313-551F7B9EB194}.Debug|Any CPU.ActiveCfg = Debug|Any CPU
		{75A735E4-BF04-433F-8313-551F7B9EB194}.Debug|Any CPU.Build.0 = Debug|Any CPU
		{75A735E4-BF04-433F-8313-551F7B9EB194}.Release|Any CPU.ActiveCfg = Release|Any CPU
		{75A735E4-BF04-433F-8313-551F7B9EB194}.Release|Any CPU.Build.0 = Release|Any CPU
		{07570CB6-F510-4B9A-A6C2-4200270FC3BB}.Debug|Any CPU.ActiveCfg = Debug|Any CPU
		{07570CB6-F510-4B9A-A6C2-4200270FC3BB}.Debug|Any CPU.Build.0 = Debug|Any CPU
		{07570CB6-F510-4B9A-A6C2-4200270FC3BB}.Release|Any CPU.ActiveCfg = Release|Any CPU
		{07570CB6-F510-4B9A-A6C2-4200270FC3BB}.Release|Any CPU.Build.0 = Release|Any CPU
		{C2F20BDF-3EA7-4EC6-8B01-29AEB79B5257}.Debug|Any CPU.ActiveCfg = Debug|Any CPU
		{C2F20BDF-3EA7-4EC6-8B01-29AEB79B5257}.Debug|Any CPU.Build.0 = Debug|Any CPU
		{C2F20BDF-3EA7-4EC6-8B01-29AEB79B5257}.Release|Any CPU.ActiveCfg = Release|Any CPU
		{C2F20BDF-3EA7-4EC6-8B01-29AEB79B5257}.Release|Any CPU.Build.0 = Release|Any CPU
		{05F059BB-49F5-4CB7-A3DC-804ECC186F5D}.Debug|Any CPU.ActiveCfg = Debug|Any CPU
		{05F059BB-49F5-4CB7-A3DC-804ECC186F5D}.Debug|Any CPU.Build.0 = Debug|Any CPU
		{05F059BB-49F5-4CB7-A3DC-804ECC186F5D}.Release|Any CPU.ActiveCfg = Release|Any CPU
		{05F059BB-49F5-4CB7-A3DC-804ECC186F5D}.Release|Any CPU.Build.0 = Release|Any CPU
	EndGlobalSection
	GlobalSection(SolutionProperties) = preSolution
		HideSolutionNode = FALSE
	EndGlobalSection
	GlobalSection(ExtensibilityGlobals) = postSolution
		SolutionGuid = {027E33DC-B23B-4B56-8A45-E640254AB717}
	EndGlobalSection
EndGlobal
